// !$*UTF8*$!
{
	archiveVersion = 1;
	classes = {
	};
	objectVersion = 46;
	objects = {

/* Begin PBXBuildFile section */
		230E204F1F37317C00E0E04E /* AppDelegate.swift in Sources */ = {isa = PBXBuildFile; fileRef = 230E204E1F37317C00E0E04E /* AppDelegate.swift */; };
		230E20511F37317C00E0E04E /* MemeEditorViewController.swift in Sources */ = {isa = PBXBuildFile; fileRef = 230E20501F37317C00E0E04E /* MemeEditorViewController.swift */; };
		230E20541F37317D00E0E04E /* Main.storyboard in Resources */ = {isa = PBXBuildFile; fileRef = 230E20521F37317D00E0E04E /* Main.storyboard */; };
		230E20561F37317D00E0E04E /* Assets.xcassets in Resources */ = {isa = PBXBuildFile; fileRef = 230E20551F37317D00E0E04E /* Assets.xcassets */; };
		230E20591F37317D00E0E04E /* LaunchScreen.storyboard in Resources */ = {isa = PBXBuildFile; fileRef = 230E20571F37317D00E0E04E /* LaunchScreen.storyboard */; };
		23F985F91F59398200CAA75F /* MemeTableViewController.swift in Sources */ = {isa = PBXBuildFile; fileRef = 23F985F81F59398100CAA75F /* MemeTableViewController.swift */; };
		23F985FB1F595BBD00CAA75F /* MemeTableViewCell.swift in Sources */ = {isa = PBXBuildFile; fileRef = 23F985FA1F595BBC00CAA75F /* MemeTableViewCell.swift */; };
		23F985FD1F59A9A100CAA75F /* MemeDetailViewController.swift in Sources */ = {isa = PBXBuildFile; fileRef = 23F985FC1F59A9A100CAA75F /* MemeDetailViewController.swift */; };
		23F985FF1F59D51300CAA75F /* MemeCollectionViewController.swift in Sources */ = {isa = PBXBuildFile; fileRef = 23F985FE1F59D51300CAA75F /* MemeCollectionViewController.swift */; };
		23F986011F59D85F00CAA75F /* MemeCollectionViewCell.swift in Sources */ = {isa = PBXBuildFile; fileRef = 23F986001F59D85E00CAA75F /* MemeCollectionViewCell.swift */; };
		23FEF9951F5926F9003913E9 /* Meme.swift in Sources */ = {isa = PBXBuildFile; fileRef = 23FEF9941F5926F9003913E9 /* Meme.swift */; };
/* End PBXBuildFile section */

/* Begin PBXFileReference section */
		230E204B1F37317B00E0E04E /* MeMe.app */ = {isa = PBXFileReference; explicitFileType = wrapper.application; includeInIndex = 0; path = MeMe.app; sourceTree = BUILT_PRODUCTS_DIR; };
		230E204E1F37317C00E0E04E /* AppDelegate.swift */ = {isa = PBXFileReference; lastKnownFileType = sourcecode.swift; path = AppDelegate.swift; sourceTree = "<group>"; };
		230E20501F37317C00E0E04E /* MemeEditorViewController.swift */ = {isa = PBXFileReference; lastKnownFileType = sourcecode.swift; path = MemeEditorViewController.swift; sourceTree = "<group>"; };
		230E20531F37317D00E0E04E /* Base */ = {isa = PBXFileReference; lastKnownFileType = file.storyboard; name = Base; path = Base.lproj/Main.storyboard; sourceTree = "<group>"; };
		230E20551F37317D00E0E04E /* Assets.xcassets */ = {isa = PBXFileReference; lastKnownFileType = folder.assetcatalog; path = Assets.xcassets; sourceTree = "<group>"; };
		230E20581F37317D00E0E04E /* Base */ = {isa = PBXFileReference; lastKnownFileType = file.storyboard; name = Base; path = Base.lproj/LaunchScreen.storyboard; sourceTree = "<group>"; };
		230E205A1F37317D00E0E04E /* Info.plist */ = {isa = PBXFileReference; lastKnownFileType = text.plist.xml; path = Info.plist; sourceTree = "<group>"; };
		2388B8741FD1BD8200F10DB5 /* README.md */ = {isa = PBXFileReference; lastKnownFileType = net.daringfireball.markdown; path = README.md; sourceTree = "<group>"; };
		23F985F81F59398100CAA75F /* MemeTableViewController.swift */ = {isa = PBXFileReference; fileEncoding = 4; lastKnownFileType = sourcecode.swift; path = MemeTableViewController.swift; sourceTree = "<group>"; };
		23F985FA1F595BBC00CAA75F /* MemeTableViewCell.swift */ = {isa = PBXFileReference; fileEncoding = 4; lastKnownFileType = sourcecode.swift; path = MemeTableViewCell.swift; sourceTree = "<group>"; };
		23F985FC1F59A9A100CAA75F /* MemeDetailViewController.swift */ = {isa = PBXFileReference; fileEncoding = 4; lastKnownFileType = sourcecode.swift; path = MemeDetailViewController.swift; sourceTree = "<group>"; };
		23F985FE1F59D51300CAA75F /* MemeCollectionViewController.swift */ = {isa = PBXFileReference; fileEncoding = 4; lastKnownFileType = sourcecode.swift; path = MemeCollectionViewController.swift; sourceTree = "<group>"; };
		23F986001F59D85E00CAA75F /* MemeCollectionViewCell.swift */ = {isa = PBXFileReference; fileEncoding = 4; lastKnownFileType = sourcecode.swift; path = MemeCollectionViewCell.swift; sourceTree = "<group>"; };
		23FEF9941F5926F9003913E9 /* Meme.swift */ = {isa = PBXFileReference; fileEncoding = 4; lastKnownFileType = sourcecode.swift; path = Meme.swift; sourceTree = "<group>"; };
/* End PBXFileReference section */

/* Begin PBXFrameworksBuildPhase section */
		230E20481F37317B00E0E04E /* Frameworks */ = {
			isa = PBXFrameworksBuildPhase;
			buildActionMask = 2147483647;
			files = (
			);
			runOnlyForDeploymentPostprocessing = 0;
		};
/* End PBXFrameworksBuildPhase section */

/* Begin PBXGroup section */
		230E20421F37317A00E0E04E = {
			isa = PBXGroup;
			children = (
				230E204D1F37317B00E0E04E /* MeMe */,
				230E204C1F37317B00E0E04E /* Products */,
			);
			sourceTree = "<group>";
		};
		230E204C1F37317B00E0E04E /* Products */ = {
			isa = PBXGroup;
			children = (
				230E204B1F37317B00E0E04E /* MeMe.app */,
			);
			name = Products;
			sourceTree = "<group>";
		};
		230E204D1F37317B00E0E04E /* MeMe */ = {
			isa = PBXGroup;
			children = (
				230E204E1F37317C00E0E04E /* AppDelegate.swift */,
				230E20501F37317C00E0E04E /* MemeEditorViewController.swift */,
				2388B8741FD1BD8200F10DB5 /* README.md */,
				230E20521F37317D00E0E04E /* Main.storyboard */,
				230E20551F37317D00E0E04E /* Assets.xcassets */,
				230E20571F37317D00E0E04E /* LaunchScreen.storyboard */,
				230E205A1F37317D00E0E04E /* Info.plist */,
				23FEF9941F5926F9003913E9 /* Meme.swift */,
				23F985F81F59398100CAA75F /* MemeTableViewController.swift */,
				23F985FA1F595BBC00CAA75F /* MemeTableViewCell.swift */,
				23F985FC1F59A9A100CAA75F /* MemeDetailViewController.swift */,
				23F985FE1F59D51300CAA75F /* MemeCollectionViewController.swift */,
				23F986001F59D85E00CAA75F /* MemeCollectionViewCell.swift */,
			);
			path = MeMe;
			sourceTree = "<group>";
		};
/* End PBXGroup section */

/* Begin PBXNativeTarget section */
		230E204A1F37317B00E0E04E /* MeMe */ = {
			isa = PBXNativeTarget;
			buildConfigurationList = 230E205D1F37317D00E0E04E /* Build configuration list for PBXNativeTarget "MeMe" */;
			buildPhases = (
				230E20471F37317B00E0E04E /* Sources */,
				230E20481F37317B00E0E04E /* Frameworks */,
				230E20491F37317B00E0E04E /* Resources */,
			);
			buildRules = (
			);
			dependencies = (
			);
			name = MeMe;
			productName = MeMe;
			productReference = 230E204B1F37317B00E0E04E /* MeMe.app */;
			productType = "com.apple.product-type.application";
		};
/* End PBXNativeTarget section */

/* Begin PBXProject section */
		230E20431F37317A00E0E04E /* Project object */ = {
			isa = PBXProject;
			attributes = {
				LastSwiftUpdateCheck = 0830;
				LastUpgradeCheck = 0830;
				ORGANIZATIONNAME = "Vidushi Jaiswal";
				TargetAttributes = {
					230E204A1F37317B00E0E04E = {
						CreatedOnToolsVersion = 8.3.3;
						DevelopmentTeam = 6Z5ABRGYU5;
						ProvisioningStyle = Automatic;
					};
				};
			};
			buildConfigurationList = 230E20461F37317A00E0E04E /* Build configuration list for PBXProject "MeMe" */;
			compatibilityVersion = "Xcode 3.2";
			developmentRegion = English;
			hasScannedForEncodings = 0;
			knownRegions = (
				en,
				Base,
			);
			mainGroup = 230E20421F37317A00E0E04E;
			productRefGroup = 230E204C1F37317B00E0E04E /* Products */;
			projectDirPath = "";
			projectRoot = "";
			targets = (
				230E204A1F37317B00E0E04E /* MeMe */,
			);
		};
/* End PBXProject section */

/* Begin PBXResourcesBuildPhase section */
		230E20491F37317B00E0E04E /* Resources */ = {
			isa = PBXResourcesBuildPhase;
			buildActionMask = 2147483647;
			files = (
				230E20591F37317D00E0E04E /* LaunchScreen.storyboard in Resources */,
				230E20561F37317D00E0E04E /* Assets.xcassets in Resources */,
				230E20541F37317D00E0E04E /* Main.storyboard in Resources */,
			);
			runOnlyForDeploymentPostprocessing = 0;
		};
/* End PBXResourcesBuildPhase section */

/* Begin PBXSourcesBuildPhase section */
		230E20471F37317B00E0E04E /* Sources */ = {
			isa = PBXSourcesBuildPhase;
			buildActionMask = 2147483647;
			files = (
				23FEF9951F5926F9003913E9 /* Meme.swift in Sources */,
				230E20511F37317C00E0E04E /* MemeEditorViewController.swift in Sources */,
				23F986011F59D85F00CAA75F /* MemeCollectionViewCell.swift in Sources */,
				23F985FB1F595BBD00CAA75F /* MemeTableViewCell.swift in Sources */,
				23F985FD1F59A9A100CAA75F /* MemeDetailViewController.swift in Sources */,
				23F985FF1F59D51300CAA75F /* MemeCollectionViewController.swift in Sources */,
				230E204F1F37317C00E0E04E /* AppDelegate.swift in Sources */,
				23F985F91F59398200CAA75F /* MemeTableViewController.swift in Sources */,
			);
			runOnlyForDeploymentPostprocessing = 0;
		};
/* End PBXSourcesBuildPhase section */

/* Begin PBXVariantGroup section */
		230E20521F37317D00E0E04E /* Main.storyboard */ = {
			isa = PBXVariantGroup;
			children = (
				230E20531F37317D00E0E04E /* Base */,
			);
			name = Main.storyboard;
			sourceTree = "<group>";
		};
		230E20571F37317D00E0E04E /* LaunchScreen.storyboard */ = {
			isa = PBXVariantGroup;
			children = (
				230E20581F37317D00E0E04E /* Base */,
			);
			name = LaunchScreen.storyboard;
			sourceTree = "<group>";
		};
/* End PBXVariantGroup section */

/* Begin XCBuildConfiguration section */
		230E205B1F37317D00E0E04E /* Debug */ = {
			isa = XCBuildConfiguration;
			buildSettings = {
				ALWAYS_SEARCH_USER_PATHS = NO;
				CLANG_ANALYZER_NONNULL = YES;
				CLANG_ANALYZER_NUMBER_OBJECT_CONVERSION = YES_AGGRESSIVE;
				CLANG_CXX_LANGUAGE_STANDARD = "gnu++0x";
				CLANG_CXX_LIBRARY = "libc++";
				CLANG_ENABLE_MODULES = YES;
				CLANG_ENABLE_OBJC_ARC = YES;
				CLANG_WARN_BOOL_CONVERSION = YES;
				CLANG_WARN_CONSTANT_CONVERSION = YES;
				CLANG_WARN_DIRECT_OBJC_ISA_USAGE = YES_ERROR;
				CLANG_WARN_DOCUMENTATION_COMMENTS = YES;
				CLANG_WARN_EMPTY_BODY = YES;
				CLANG_WARN_ENUM_CONVERSION = YES;
				CLANG_WARN_INFINITE_RECURSION = YES;
				CLANG_WARN_INT_CONVERSION = YES;
				CLANG_WARN_OBJC_ROOT_CLASS = YES_ERROR;
				CLANG_WARN_SUSPICIOUS_MOVE = YES;
				CLANG_WARN_UNREACHABLE_CODE = YES;
				CLANG_WARN__DUPLICATE_METHOD_MATCH = YES;
				"CODE_SIGN_IDENTITY[sdk=iphoneos*]" = "iPhone Developer";
				COPY_PHASE_STRIP = NO;
				DEBUG_INFORMATION_FORMAT = dwarf;
				ENABLE_STRICT_OBJC_MSGSEND = YES;
				ENABLE_TESTABILITY = YES;
				GCC_C_LANGUAGE_STANDARD = gnu99;
				GCC_DYNAMIC_NO_PIC = NO;
				GCC_NO_COMMON_BLOCKS = YES;
				GCC_OPTIMIZATION_LEVEL = 0;
				GCC_PREPROCESSOR_DEFINITIONS = (
					"DEBUG=1",
					"$(inherited)",
				);
				GCC_WARN_64_TO_32_BIT_CONVERSION = YES;
				GCC_WARN_ABOUT_RETURN_TYPE = YES_ERROR;
				GCC_WARN_UNDECLARED_SELECTOR = YES;
				GCC_WARN_UNINITIALIZED_AUTOS = YES_AGGRESSIVE;
				GCC_WARN_UNUSED_FUNCTION = YES;
				GCC_WARN_UNUSED_VARIABLE = YES;
				IPHONEOS_DEPLOYMENT_TARGET = 10.3;
				MTL_ENABLE_DEBUG_INFO = YES;
				ONLY_ACTIVE_ARCH = YES;
				SDKROOT = iphoneos;
				SWIFT_ACTIVE_COMPILATION_CONDITIONS = DEBUG;
				SWIFT_OPTIMIZATION_LEVEL = "-Onone";
				TARGETED_DEVICE_FAMILY = "1,2";
			};
			name = Debug;
		};
		230E205C1F37317D00E0E04E /* Release */ = {
			isa = XCBuildConfiguration;
			buildSettings = {
				ALWAYS_SEARCH_USER_PATHS = NO;
				CLANG_ANALYZER_NONNULL = YES;
				CLANG_ANALYZER_NUMBER_OBJECT_CONVERSION = YES_AGGRESSIVE;
				CLANG_CXX_LANGUAGE_STANDARD = "gnu++0x";
				CLANG_CXX_LIBRARY = "libc++";
				CLANG_ENABLE_MODULES = YES;
				CLANG_ENABLE_OBJC_ARC = YES;
				CLANG_WARN_BOOL_CONVERSION = YES;
				CLANG_WARN_CONSTANT_CONVERSION = YES;
				CLANG_WARN_DIRECT_OBJC_ISA_USAGE = YES_ERROR;
				CLANG_WARN_DOCUMENTATION_COMMENTS = YES;
				CLANG_WARN_EMPTY_BODY = YES;
				CLANG_WARN_ENUM_CONVERSION = YES;
				CLANG_WARN_INFINITE_RECURSION = YES;
				CLANG_WARN_INT_CONVERSION = YES;
				CLANG_WARN_OBJC_ROOT_CLASS = YES_ERROR;
				CLANG_WARN_SUSPICIOUS_MOVE = YES;
				CLANG_WARN_UNREACHABLE_CODE = YES;
				CLANG_WARN__DUPLICATE_METHOD_MATCH = YES;
				"CODE_SIGN_IDENTITY[sdk=iphoneos*]" = "iPhone Developer";
				COPY_PHASE_STRIP = NO;
				DEBUG_INFORMATION_FORMAT = "dwarf-with-dsym";
				ENABLE_NS_ASSERTIONS = NO;
				ENABLE_STRICT_OBJC_MSGSEND = YES;
				GCC_C_LANGUAGE_STANDARD = gnu99;
				GCC_NO_COMMON_BLOCKS = YES;
				GCC_WARN_64_TO_32_BIT_CONVERSION = YES;
				GCC_WARN_ABOUT_RETURN_TYPE = YES_ERROR;
				GCC_WARN_UNDECLARED_SELECTOR = YES;
				GCC_WARN_UNINITIALIZED_AUTOS = YES_AGGRESSIVE;
				GCC_WARN_UNUSED_FUNCTION = YES;
				GCC_WARN_UNUSED_VARIABLE = YES;
				IPHONEOS_DEPLOYMENT_TARGET = 10.3;
				MTL_ENABLE_DEBUG_INFO = NO;
				SDKROOT = iphoneos;
				SWIFT_OPTIMIZATION_LEVEL = "-Owholemodule";
				TARGETED_DEVICE_FAMILY = "1,2";
				VALIDATE_PRODUCT = YES;
			};
			name = Release;
		};
		230E205E1F37317D00E0E04E /* Debug */ = {
			isa = XCBuildConfiguration;
			buildSettings = {
				ASSETCATALOG_COMPILER_APPICON_NAME = AppIcon;
				DEVELOPMENT_TEAM = 6Z5ABRGYU5;
				INFOPLIST_FILE = MeMe/Info.plist;
				LD_RUNPATH_SEARCH_PATHS = "$(inherited) @executable_path/Frameworks";
				PRODUCT_BUNDLE_IDENTIFIER = com.vidushijaiswal.MeMe;
				PRODUCT_NAME = "$(TARGET_NAME)";
				SWIFT_VERSION = 3.0;
			};
			name = Debug;
		};
		230E205F1F37317D00E0E04E /* Release */ = {
			isa = XCBuildConfiguration;
			buildSettings = {
				ASSETCATALOG_COMPILER_APPICON_NAME = AppIcon;
				DEVELOPMENT_TEAM = 6Z5ABRGYU5;
				INFOPLIST_FILE = MeMe/Info.plist;
				LD_RUNPATH_SEARCH_PATHS = "$(inherited) @executable_path/Frameworks";
				PRODUCT_BUNDLE_IDENTIFIER = com.vidushijaiswal.MeMe;
				PRODUCT_NAME = "$(TARGET_NAME)";
				SWIFT_VERSION = 3.0;
			};
			name = Release;
		};
/* End XCBuildConfiguration section */

/* Begin XCConfigurationList section */
		230E20461F37317A00E0E04E /* Build configuration list for PBXProject "MeMe" */ = {
			isa = XCConfigurationList;
			buildConfigurations = (
				230E205B1F37317D00E0E04E /* Debug */,
				230E205C1F37317D00E0E04E /* Release */,
			);
			defaultConfigurationIsVisible = 0;
			defaultConfigurationName = Release;
		};
		230E205D1F37317D00E0E04E /* Build configuration list for PBXNativeTarget "MeMe" */ = {
			isa = XCConfigurationList;
			buildConfigurations = (
				230E205E1F37317D00E0E04E /* Debug */,
				230E205F1F37317D00E0E04E /* Release */,
			);
			defaultConfigurationIsVisible = 0;
			defaultConfigurationName = Release;
		};
/* End XCConfigurationList section */
	};
	rootObject = 230E20431F37317A00E0E04E /* Project object */;
}
